
Microsoft Visual Studio Solution File, Format Version 12.00
# Visual Studio Version 17
VisualStudioVersion = 17.10.35122.118
MinimumVisualStudioVersion = 10.0.40219.1
Project("{FAE04EC0-301F-11D3-BF4B-00C04F79EFBC}") = "NLayer", "NLayer\NLayer.csproj", "{16007D95-A9B2-40D3-B9C8-26AAD8DB2C44}"
EndProject
Project("{2150E333-8FDC-42A3-9474-1A3956D46DE8}") = "Data", "Data", "{952FD1C6-CCB4-4F04-A219-401E939CD978}"
EndProject
Project("{2150E333-8FDC-42A3-9474-1A3956D46DE8}") = "Interfaces", "Interfaces", "{DA07CE73-735B-4E39-BE40-C2A95471D225}"
EndProject
Project("{2150E333-8FDC-42A3-9474-1A3956D46DE8}") = "Management", "Management", "{EDBFC5E6-3735-46B0-9D0D-F27672452348}"
EndProject
Project("{FAE04EC0-301F-11D3-BF4B-00C04F79EFBC}") = "ManagedData", "ManagedData\ManagedData.csproj", "{46F2007D-1660-4C65-B824-2FD18824CA23}"
EndProject
Project("{FAE04EC0-301F-11D3-BF4B-00C04F79EFBC}") = "DTO", "DTO\DTO.csproj", "{91D62DC6-F972-46E6-AAED-AE24C750FC67}"
EndProject
Project("{FAE04EC0-301F-11D3-BF4B-00C04F79EFBC}") = "Entity", "Entity\Entity.csproj", "{00046272-CB94-4EB8-BE32-98A4ABB36763}"
EndProject
Project("{FAE04EC0-301F-11D3-BF4B-00C04F79EFBC}") = "DomainManagerInterfaces", "DomainInterfaces\DomainManagerInterfaces.csproj", "{D9D14DCC-D75A-4398-9940-94CA08682D4D}"
EndProject
Project("{FAE04EC0-301F-11D3-BF4B-00C04F79EFBC}") = "MapManagerInterfaces", "MapManagerInterfaces\MapManagerInterfaces.csproj", "{EF7B5BC0-B07C-47E3-BA5D-38702F9CFEFF}"
EndProject
Project("{FAE04EC0-301F-11D3-BF4B-00C04F79EFBC}") = "IdentityManagerInterfaces", "IdentityInterfaces\IdentityManagerInterfaces.csproj", "{C1C0822B-E947-4F64-A87C-084B7EEF698E}"
EndProject
Project("{FAE04EC0-301F-11D3-BF4B-00C04F79EFBC}") = "MapManager", "Management\MapManager\MapManager.csproj", "{F83147B8-8972-4A54-B486-0204E3DF90AA}"
EndProject
Project("{FAE04EC0-301F-11D3-BF4B-00C04F79EFBC}") = "IdentityManager", "IdentityManager\IdentityManager.csproj", "{5124E5CD-1875-4D62-BB34-18A5E4046277}"
EndProject
Project("{FAE04EC0-301F-11D3-BF4B-00C04F79EFBC}") = "DomainManager", "DomainManager\DomainManager.csproj", "{7271CBE9-1ABF-421B-9EFC-DD4B6E08DDD0}"
EndProject
Global
	GlobalSection(SolutionConfigurationPlatforms) = preSolution
		Debug|Any CPU = Debug|Any CPU
		Release|Any CPU = Release|Any CPU
	EndGlobalSection
	GlobalSection(ProjectConfigurationPlatforms) = postSolution
		{16007D95-A9B2-40D3-B9C8-26AAD8DB2C44}.Debug|Any CPU.ActiveCfg = Debug|Any CPU
		{16007D95-A9B2-40D3-B9C8-26AAD8DB2C44}.Debug|Any CPU.Build.0 = Debug|Any CPU
		{16007D95-A9B2-40D3-B9C8-26AAD8DB2C44}.Release|Any CPU.ActiveCfg = Release|Any CPU
		{16007D95-A9B2-40D3-B9C8-26AAD8DB2C44}.Release|Any CPU.Build.0 = Release|Any CPU
		{46F2007D-1660-4C65-B824-2FD18824CA23}.Debug|Any CPU.ActiveCfg = Debug|Any CPU
		{46F2007D-1660-4C65-B824-2FD18824CA23}.Debug|Any CPU.Build.0 = Debug|Any CPU
		{46F2007D-1660-4C65-B824-2FD18824CA23}.Release|Any CPU.ActiveCfg = Release|Any CPU
		{46F2007D-1660-4C65-B824-2FD18824CA23}.Release|Any CPU.Build.0 = Release|Any CPU
		{91D62DC6-F972-46E6-AAED-AE24C750FC67}.Debug|Any CPU.ActiveCfg = Debug|Any CPU
		{91D62DC6-F972-46E6-AAED-AE24C750FC67}.Debug|Any CPU.Build.0 = Debug|Any CPU
		{91D62DC6-F972-46E6-AAED-AE24C750FC67}.Release|Any CPU.ActiveCfg = Release|Any CPU
		{91D62DC6-F972-46E6-AAED-AE24C750FC67}.Release|Any CPU.Build.0 = Release|Any CPU
		{00046272-CB94-4EB8-BE32-98A4ABB36763}.Debug|Any CPU.ActiveCfg = Debug|Any CPU
		{00046272-CB94-4EB8-BE32-98A4ABB36763}.Debug|Any CPU.Build.0 = Debug|Any CPU
		{00046272-CB94-4EB8-BE32-98A4ABB36763}.Release|Any CPU.ActiveCfg = Release|Any CPU
		{00046272-CB94-4EB8-BE32-98A4ABB36763}.Release|Any CPU.Build.0 = Release|Any CPU
		{D9D14DCC-D75A-4398-9940-94CA08682D4D}.Debug|Any CPU.ActiveCfg = Debug|Any CPU
		{D9D14DCC-D75A-4398-9940-94CA08682D4D}.Debug|Any CPU.Build.0 = Debug|Any CPU
		{D9D14DCC-D75A-4398-9940-94CA08682D4D}.Release|Any CPU.ActiveCfg = Release|Any CPU
		{D9D14DCC-D75A-4398-9940-94CA08682D4D}.Release|Any CPU.Build.0 = Release|Any CPU
		{EF7B5BC0-B07C-47E3-BA5D-38702F9CFEFF}.Debug|Any CPU.ActiveCfg = Debug|Any CPU
		{EF7B5BC0-B07C-47E3-BA5D-38702F9CFEFF}.Debug|Any CPU.Build.0 = Debug|Any CPU
		{EF7B5BC0-B07C-47E3-BA5D-38702F9CFEFF}.Release|Any CPU.ActiveCfg = Release|Any CPU
		{EF7B5BC0-B07C-47E3-BA5D-38702F9CFEFF}.Release|Any CPU.Build.0 = Release|Any CPU
		{C1C0822B-E947-4F64-A87C-084B7EEF698E}.Debug|Any CPU.ActiveCfg = Debug|Any CPU
		{C1C0822B-E947-4F64-A87C-084B7EEF698E}.Debug|Any CPU.Build.0 = Debug|Any CPU
		{C1C0822B-E947-4F64-A87C-084B7EEF698E}.Release|Any CPU.ActiveCfg = Release|Any CPU
		{C1C0822B-E947-4F64-A87C-084B7EEF698E}.Release|Any CPU.Build.0 = Release|Any CPU
		{F83147B8-8972-4A54-B486-0204E3DF90AA}.Debug|Any CPU.ActiveCfg = Debug|Any CPU
		{F83147B8-8972-4A54-B486-0204E3DF90AA}.Debug|Any CPU.Build.0 = Debug|Any CPU
		{F83147B8-8972-4A54-B486-0204E3DF90AA}.Release|Any CPU.ActiveCfg = Release|Any CPU
		{F83147B8-8972-4A54-B486-0204E3DF90AA}.Release|Any CPU.Build.0 = Release|Any CPU
		{5124E5CD-1875-4D62-BB34-18A5E4046277}.Debug|Any CPU.ActiveCfg = Debug|Any CPU
		{5124E5CD-1875-4D62-BB34-18A5E4046277}.Debug|Any CPU.Build.0 = Debug|Any CPU
		{5124E5CD-1875-4D62-BB34-18A5E4046277}.Release|Any CPU.ActiveCfg = Release|Any CPU
		{5124E5CD-1875-4D62-BB34-18A5E4046277}.Release|Any CPU.Build.0 = Release|Any CPU
		{7271CBE9-1ABF-421B-9EFC-DD4B6E08DDD0}.Debug|Any CPU.ActiveCfg = Debug|Any CPU
		{7271CBE9-1ABF-421B-9EFC-DD4B6E08DDD0}.Debug|Any CPU.Build.0 = Debug|Any CPU
		{7271CBE9-1ABF-421B-9EFC-DD4B6E08DDD0}.Release|Any CPU.ActiveCfg = Release|Any CPU
		{7271CBE9-1ABF-421B-9EFC-DD4B6E08DDD0}.Release|Any CPU.Build.0 = Release|Any CPU
	EndGlobalSection
	GlobalSection(SolutionProperties) = preSolution
		HideSolutionNode = FALSE
	EndGlobalSection
	GlobalSection(NestedProjects) = preSolution
		{46F2007D-1660-4C65-B824-2FD18824CA23} = {952FD1C6-CCB4-4F04-A219-401E939CD978}
		{91D62DC6-F972-46E6-AAED-AE24C750FC67} = {952FD1C6-CCB4-4F04-A219-401E939CD978}
		{00046272-CB94-4EB8-BE32-98A4ABB36763} = {952FD1C6-CCB4-4F04-A219-401E939CD978}
		{D9D14DCC-D75A-4398-9940-94CA08682D4D} = {DA07CE73-735B-4E39-BE40-C2A95471D225}
		{EF7B5BC0-B07C-47E3-BA5D-38702F9CFEFF} = {DA07CE73-735B-4E39-BE40-C2A95471D225}
		{C1C0822B-E947-4F64-A87C-084B7EEF698E} = {DA07CE73-735B-4E39-BE40-C2A95471D225}
		{F83147B8-8972-4A54-B486-0204E3DF90AA} = {EDBFC5E6-3735-46B0-9D0D-F27672452348}
		{5124E5CD-1875-4D62-BB34-18A5E4046277} = {EDBFC5E6-3735-46B0-9D0D-F27672452348}
		{7271CBE9-1ABF-421B-9EFC-DD4B6E08DDD0} = {EDBFC5E6-3735-46B0-9D0D-F27672452348}
	EndGlobalSection
	GlobalSection(ExtensibilityGlobals) = postSolution
		SolutionGuid = {EC70DB1D-E104-4C4E-BF0C-25DAAA1512CD}
	EndGlobalSection
EndGlobal
